
Microsoft Visual Studio Solution File, Format Version 12.00
# Visual Studio Version 17
VisualStudioVersion = 17.0.32112.339
MinimumVisualStudioVersion = 10.0.40219.1
Project("{FAE04EC0-301F-11D3-BF4B-00C04F79EFBC}") = "TileCost", "TileCost.csproj", "{A2D9831F-70EE-4588-939C-E10E6DF8705D}"
EndProject
Global
	GlobalSection(SolutionConfigurationPlatforms) = preSolution
		Debug|Any CPU = Debug|Any CPU
		Release|Any CPU = Release|Any CPU
	EndGlobalSection
	GlobalSection(ProjectConfigurationPlatforms) = postSolution
		{A2D9831F-70EE-4588-939C-E10E6DF8705D}.Debug|Any CPU.ActiveCfg = Debug|Any CPU
		{A2D9831F-70EE-4588-939C-E10E6DF8705D}.Debug|Any CPU.Build.0 = Debug|Any CPU
		{A2D9831F-70EE-4588-939C-E10E6DF8705D}.Release|Any CPU.ActiveCfg = Release|Any CPU
		{A2D9831F-70EE-4588-939C-E10E6DF8705D}.Release|Any CPU.Build.0 = Release|Any CPU
	EndGlobalSection
	GlobalSection(SolutionProperties) = preSolution
		HideSolutionNode = FALSE
	EndGlobalSection
	GlobalSection(ExtensibilityGlobals) = postSolution
		SolutionGuid = {4E519A38-803E-4ACB-B21D-8F554EC9A7D3}
	EndGlobalSection
EndGlobal
